
Microsoft Visual Studio Solution File, Format Version 12.00
# Visual Studio 15
VisualStudioVersion = 15.0.26730.10
MinimumVisualStudioVersion = 10.0.40219.1
Project("{FAE04EC0-301F-11D3-BF4B-00C04F79EFBC}") = "BinarySearchTreeNamesDB", "BinarySearchTreeNamesDB\BinarySearchTreeNamesDB.csproj", "{72C0E382-890B-4270-8D40-C675C477EF1B}"
EndProject
Global
	GlobalSection(SolutionConfigurationPlatforms) = preSolution
		Debug|Any CPU = Debug|Any CPU
		Release|Any CPU = Release|Any CPU
	EndGlobalSection
	GlobalSection(ProjectConfigurationPlatforms) = postSolution
		{72C0E382-890B-4270-8D40-C675C477EF1B}.Debug|Any CPU.ActiveCfg = Debug|Any CPU
		{72C0E382-890B-4270-8D40-C675C477EF1B}.Debug|Any CPU.Build.0 = Debug|Any CPU
		{72C0E382-890B-4270-8D40-C675C477EF1B}.Release|Any CPU.ActiveCfg = Release|Any CPU
		{72C0E382-890B-4270-8D40-C675C477EF1B}.Release|Any CPU.Build.0 = Release|Any CPU
	EndGlobalSection
	GlobalSection(SolutionProperties) = preSolution
		HideSolutionNode = FALSE
	EndGlobalSection
	GlobalSection(ExtensibilityGlobals) = postSolution
		SolutionGuid = {A80C3DBD-6D72-4DF6-9A58-34ABBD92EA8A}
	EndGlobalSection
EndGlobal
